
Microsoft Visual Studio Solution File, Format Version 12.00
# Visual Studio 15
VisualStudioVersion = 15.0.28307.1684
MinimumVisualStudioVersion = 10.0.40219.1
Project("{8BC9CEB8-8B4A-11D0-8D11-00A0C91BC942}") = "lab9vvp", "lab9vvp\lab9vvp.vcxproj", "{24978EB4-E9FD-4393-9E37-7FD00A38D8C5}"
EndProject
Global
	GlobalSection(SolutionConfigurationPlatforms) = preSolution
		Debug|x64 = Debug|x64
		Debug|x86 = Debug|x86
		Release|x64 = Release|x64
		Release|x86 = Release|x86
	EndGlobalSection
	GlobalSection(ProjectConfigurationPlatforms) = postSolution
		{24978EB4-E9FD-4393-9E37-7FD00A38D8C5}.Debug|x64.ActiveCfg = Debug|x64
		{24978EB4-E9FD-4393-9E37-7FD00A38D8C5}.Debug|x64.Build.0 = Debug|x64
		{24978EB4-E9FD-4393-9E37-7FD00A38D8C5}.Debug|x86.ActiveCfg = Debug|Win32
		{24978EB4-E9FD-4393-9E37-7FD00A38D8C5}.Debug|x86.Build.0 = Debug|Win32
		{24978EB4-E9FD-4393-9E37-7FD00A38D8C5}.Release|x64.ActiveCfg = Release|x64
		{24978EB4-E9FD-4393-9E37-7FD00A38D8C5}.Release|x64.Build.0 = Release|x64
		{24978EB4-E9FD-4393-9E37-7FD00A38D8C5}.Release|x86.ActiveCfg = Release|Win32
		{24978EB4-E9FD-4393-9E37-7FD00A38D8C5}.Release|x86.Build.0 = Release|Win32
	EndGlobalSection
	GlobalSection(SolutionProperties) = preSolution
		HideSolutionNode = FALSE
	EndGlobalSection
	GlobalSection(ExtensibilityGlobals) = postSolution
		SolutionGuid = {F302DB05-0013-4B48-93A9-04444A2716F9}
	EndGlobalSection
EndGlobal
